
Microsoft Visual Studio Solution File, Format Version 11.00
# Visual Studio 2010
Project("{FAE04EC0-301F-11D3-BF4B-00C04F79EFBC}") = "BottleToss", "Assembly-CSharp.csproj", "{7CDBDE77-D3FF-EECF-4601-BBC6D3B9F3CA}"
EndProject
Project("{FAE04EC0-301F-11D3-BF4B-00C04F79EFBC}") = "BottleToss", "Assembly-CSharp-firstpass.csproj", "{88509C8A-CBF9-C908-6A92-9ECE9B8A0255}"
EndProject
Project("{FAE04EC0-301F-11D3-BF4B-00C04F79EFBC}") = "BottleToss", "Assembly-CSharp-Editor-firstpass.csproj", "{01E8178A-C10E-860F-9435-E7348F5C4B32}"
EndProject
Project("{FAE04EC0-301F-11D3-BF4B-00C04F79EFBC}") = "BottleToss", "Assembly-CSharp-Editor.csproj", "{F00F3162-FCD8-9EFB-A9D7-CC428987DFEB}"
EndProject
Global
	GlobalSection(SolutionConfigurationPlatforms) = preSolution
		Debug|Any CPU = Debug|Any CPU
		Release|Any CPU = Release|Any CPU
	EndGlobalSection
	GlobalSection(ProjectConfigurationPlatforms) = postSolution
		{7CDBDE77-D3FF-EECF-4601-BBC6D3B9F3CA}.Debug|Any CPU.ActiveCfg = Debug|Any CPU
		{7CDBDE77-D3FF-EECF-4601-BBC6D3B9F3CA}.Debug|Any CPU.Build.0 = Debug|Any CPU
		{7CDBDE77-D3FF-EECF-4601-BBC6D3B9F3CA}.Release|Any CPU.ActiveCfg = Release|Any CPU
		{7CDBDE77-D3FF-EECF-4601-BBC6D3B9F3CA}.Release|Any CPU.Build.0 = Release|Any CPU
		{88509C8A-CBF9-C908-6A92-9ECE9B8A0255}.Debug|Any CPU.ActiveCfg = Debug|Any CPU
		{88509C8A-CBF9-C908-6A92-9ECE9B8A0255}.Debug|Any CPU.Build.0 = Debug|Any CPU
		{88509C8A-CBF9-C908-6A92-9ECE9B8A0255}.Release|Any CPU.ActiveCfg = Release|Any CPU
		{88509C8A-CBF9-C908-6A92-9ECE9B8A0255}.Release|Any CPU.Build.0 = Release|Any CPU
		{01E8178A-C10E-860F-9435-E7348F5C4B32}.Debug|Any CPU.ActiveCfg = Debug|Any CPU
		{01E8178A-C10E-860F-9435-E7348F5C4B32}.Debug|Any CPU.Build.0 = Debug|Any CPU
		{01E8178A-C10E-860F-9435-E7348F5C4B32}.Release|Any CPU.ActiveCfg = Release|Any CPU
		{01E8178A-C10E-860F-9435-E7348F5C4B32}.Release|Any CPU.Build.0 = Release|Any CPU
		{F00F3162-FCD8-9EFB-A9D7-CC428987DFEB}.Debug|Any CPU.ActiveCfg = Debug|Any CPU
		{F00F3162-FCD8-9EFB-A9D7-CC428987DFEB}.Debug|Any CPU.Build.0 = Debug|Any CPU
		{F00F3162-FCD8-9EFB-A9D7-CC428987DFEB}.Release|Any CPU.ActiveCfg = Release|Any CPU
		{F00F3162-FCD8-9EFB-A9D7-CC428987DFEB}.Release|Any CPU.Build.0 = Release|Any CPU
	EndGlobalSection
	GlobalSection(SolutionProperties) = preSolution
		HideSolutionNode = FALSE
	EndGlobalSection
	GlobalSection(MonoDevelopProperties) = preSolution
		StartupItem = Assembly-CSharp.csproj
	EndGlobalSection
EndGlobal
