
Microsoft Visual Studio Solution File, Format Version 11.00
# Visual Studio 2010
Project("{FAE04EC0-301F-11D3-BF4B-00C04F79EFBC}") = "WorldSpaceUI", "Assembly-CSharp.csproj", "{535BDDF5-4506-BE20-E31E-99C75503BBDC}"
EndProject
Project("{FAE04EC0-301F-11D3-BF4B-00C04F79EFBC}") = "WorldSpaceUI", "Assembly-CSharp-firstpass.csproj", "{F2067A0B-E2EA-A08C-D8CB-E03BEDEA5E6A}"
EndProject
Project("{FAE04EC0-301F-11D3-BF4B-00C04F79EFBC}") = "WorldSpaceUI", "Assembly-CSharp-Editor-firstpass.csproj", "{A3FE12FF-363F-E09C-44A0-BC045A437166}"
EndProject
Project("{FAE04EC0-301F-11D3-BF4B-00C04F79EFBC}") = "WorldSpaceUI", "Assembly-CSharp-Editor.csproj", "{EDB6F689-62F8-2CD3-9FC9-F94103D2D974}"
EndProject
Global
	GlobalSection(SolutionConfigurationPlatforms) = preSolution
		Debug|Any CPU = Debug|Any CPU
		Release|Any CPU = Release|Any CPU
	EndGlobalSection
	GlobalSection(ProjectConfigurationPlatforms) = postSolution
		{535BDDF5-4506-BE20-E31E-99C75503BBDC}.Debug|Any CPU.ActiveCfg = Debug|Any CPU
		{535BDDF5-4506-BE20-E31E-99C75503BBDC}.Debug|Any CPU.Build.0 = Debug|Any CPU
		{535BDDF5-4506-BE20-E31E-99C75503BBDC}.Release|Any CPU.ActiveCfg = Release|Any CPU
		{535BDDF5-4506-BE20-E31E-99C75503BBDC}.Release|Any CPU.Build.0 = Release|Any CPU
		{F2067A0B-E2EA-A08C-D8CB-E03BEDEA5E6A}.Debug|Any CPU.ActiveCfg = Debug|Any CPU
		{F2067A0B-E2EA-A08C-D8CB-E03BEDEA5E6A}.Debug|Any CPU.Build.0 = Debug|Any CPU
		{F2067A0B-E2EA-A08C-D8CB-E03BEDEA5E6A}.Release|Any CPU.ActiveCfg = Release|Any CPU
		{F2067A0B-E2EA-A08C-D8CB-E03BEDEA5E6A}.Release|Any CPU.Build.0 = Release|Any CPU
		{A3FE12FF-363F-E09C-44A0-BC045A437166}.Debug|Any CPU.ActiveCfg = Debug|Any CPU
		{A3FE12FF-363F-E09C-44A0-BC045A437166}.Debug|Any CPU.Build.0 = Debug|Any CPU
		{A3FE12FF-363F-E09C-44A0-BC045A437166}.Release|Any CPU.ActiveCfg = Release|Any CPU
		{A3FE12FF-363F-E09C-44A0-BC045A437166}.Release|Any CPU.Build.0 = Release|Any CPU
		{EDB6F689-62F8-2CD3-9FC9-F94103D2D974}.Debug|Any CPU.ActiveCfg = Debug|Any CPU
		{EDB6F689-62F8-2CD3-9FC9-F94103D2D974}.Debug|Any CPU.Build.0 = Debug|Any CPU
		{EDB6F689-62F8-2CD3-9FC9-F94103D2D974}.Release|Any CPU.ActiveCfg = Release|Any CPU
		{EDB6F689-62F8-2CD3-9FC9-F94103D2D974}.Release|Any CPU.Build.0 = Release|Any CPU
	EndGlobalSection
	GlobalSection(SolutionProperties) = preSolution
		HideSolutionNode = FALSE
	EndGlobalSection
	GlobalSection(MonoDevelopProperties) = preSolution
		StartupItem = Assembly-CSharp.csproj
	EndGlobalSection
EndGlobal
